
Microsoft Visual Studio Solution File, Format Version 12.00
# Visual Studio 15
VisualStudioVersion = 15.0.27703.2042
MinimumVisualStudioVersion = 10.0.40219.1
Project("{FAE04EC0-301F-11D3-BF4B-00C04F79EFBC}") = "Fakturownik", "Fakturownik\Fakturownik.csproj", "{22B2E0B9-C211-4DB2-9BF6-742A7A962FDC}"
EndProject
Project("{FAE04EC0-301F-11D3-BF4B-00C04F79EFBC}") = "Fakturownik.Logic", "Invoice.Logic\Fakturownik.Logic.csproj", "{5DA397C4-6081-4E7A-BFA0-D39898F2D7AD}"
EndProject
Global
	GlobalSection(SolutionConfigurationPlatforms) = preSolution
		Debug|Any CPU = Debug|Any CPU
		Release|Any CPU = Release|Any CPU
	EndGlobalSection
	GlobalSection(ProjectConfigurationPlatforms) = postSolution
		{22B2E0B9-C211-4DB2-9BF6-742A7A962FDC}.Debug|Any CPU.ActiveCfg = Debug|Any CPU
		{22B2E0B9-C211-4DB2-9BF6-742A7A962FDC}.Debug|Any CPU.Build.0 = Debug|Any CPU
		{22B2E0B9-C211-4DB2-9BF6-742A7A962FDC}.Release|Any CPU.ActiveCfg = Release|Any CPU
		{22B2E0B9-C211-4DB2-9BF6-742A7A962FDC}.Release|Any CPU.Build.0 = Release|Any CPU
		{5DA397C4-6081-4E7A-BFA0-D39898F2D7AD}.Debug|Any CPU.ActiveCfg = Debug|Any CPU
		{5DA397C4-6081-4E7A-BFA0-D39898F2D7AD}.Debug|Any CPU.Build.0 = Debug|Any CPU
		{5DA397C4-6081-4E7A-BFA0-D39898F2D7AD}.Release|Any CPU.ActiveCfg = Release|Any CPU
		{5DA397C4-6081-4E7A-BFA0-D39898F2D7AD}.Release|Any CPU.Build.0 = Release|Any CPU
	EndGlobalSection
	GlobalSection(SolutionProperties) = preSolution
		HideSolutionNode = FALSE
	EndGlobalSection
	GlobalSection(ExtensibilityGlobals) = postSolution
		SolutionGuid = {34FCC873-B29F-4E51-9ABC-DB44B5EC3958}
	EndGlobalSection
EndGlobal
